
Microsoft Visual Studio Solution File, Format Version 12.00
# Visual Studio Version 17
VisualStudioVersion = 17.4.33213.308
MinimumVisualStudioVersion = 10.0.40219.1
Project("{FAE04EC0-301F-11D3-BF4B-00C04F79EFBC}") = "配网网页", "配网网页\配网网页.csproj", "{9F09E95F-D286-4E00-8AE4-EE7A05F03B9E}"
EndProject
Project("{FAE04EC0-301F-11D3-BF4B-00C04F79EFBC}") = "测试用服务器", "测试用服务器\测试用服务器.csproj", "{193114D3-3D31-486B-B074-7CD0007C22BB}"
EndProject
Global
	GlobalSection(SolutionConfigurationPlatforms) = preSolution
		Debug|Any CPU = Debug|Any CPU
		Release|Any CPU = Release|Any CPU
	EndGlobalSection
	GlobalSection(ProjectConfigurationPlatforms) = postSolution
		{9F09E95F-D286-4E00-8AE4-EE7A05F03B9E}.Debug|Any CPU.ActiveCfg = Debug|Any CPU
		{9F09E95F-D286-4E00-8AE4-EE7A05F03B9E}.Debug|Any CPU.Build.0 = Debug|Any CPU
		{9F09E95F-D286-4E00-8AE4-EE7A05F03B9E}.Release|Any CPU.ActiveCfg = Release|Any CPU
		{9F09E95F-D286-4E00-8AE4-EE7A05F03B9E}.Release|Any CPU.Build.0 = Release|Any CPU
		{193114D3-3D31-486B-B074-7CD0007C22BB}.Debug|Any CPU.ActiveCfg = Debug|Any CPU
		{193114D3-3D31-486B-B074-7CD0007C22BB}.Debug|Any CPU.Build.0 = Debug|Any CPU
		{193114D3-3D31-486B-B074-7CD0007C22BB}.Release|Any CPU.ActiveCfg = Release|Any CPU
		{193114D3-3D31-486B-B074-7CD0007C22BB}.Release|Any CPU.Build.0 = Release|Any CPU
	EndGlobalSection
	GlobalSection(SolutionProperties) = preSolution
		HideSolutionNode = FALSE
	EndGlobalSection
	GlobalSection(ExtensibilityGlobals) = postSolution
		SolutionGuid = {2346C27E-8D78-487A-82EB-78D617EBC538}
	EndGlobalSection
EndGlobal
